lockfileVersion: '9.0'

settings:
  autoInstallPeers: true
  excludeLinksFromLockfile: false

importers:

  .:
    devDependencies:
      turbo:
        specifier: 2.10.6-canary.4
        version: 2.10.6-canary.4

  apps/web:
    dependencies:
      package-a:
        specifier: workspace:*
        version: link:../../packages/package-a
      package-b:
        specifier: workspace:*
        version: link:../../packages/package-b

  packages/package-a: {}

  packages/package-b:
    dependencies:
      package-a:
        specifier: workspace:*
        version: link:../package-a

packages:

  '@turbo/darwin-64@2.10.6-canary.4':
    resolution: {integrity: sha512-qHjcqFzHFj3ZAmWOgxKnQIbFB2WJfuFnNFPPlY0b+kHs5XQS5ivjqr+PkC1L97q08KTvSpuXC8c8gY279BOeKA==}
    cpu: [x64]
    os: [darwin]

  '@turbo/darwin-arm64@2.10.6-canary.4':
    resolution: {integrity: sha512-qF+i5zDbkS6pAIbbsdheI6WROjdmj5+ZkR0t4gJHov5TOtoyYRr4sEuJEA9RibYn4HtOfWjSxDixP24oG0LdjA==}
    cpu: [arm64]
    os: [darwin]

  '@turbo/linux-64@2.10.6-canary.4':
    resolution: {integrity: sha512-QDSSwWo9YVfuS11FnzA6WZjXka10QNKTyGwjUlrYQOmDRy5aKqilEOZ0unL5MFyqj7wysiN5BE7iGfaw4F1LnA==}
    cpu: [x64]
    os: [linux]

  '@turbo/linux-arm64@2.10.6-canary.4':
    resolution: {integrity: sha512-xJkWd4+Nh4/KDVLfdPtUA27G7mXTQYQTEbo3PhJo0vqcKyPjCvv9F4mKuEJp5zLFvPUtHcOLnsV62efA0CYM5A==}
    cpu: [arm64]
    os: [linux]

  '@turbo/windows-64@2.10.6-canary.4':
    resolution: {integrity: sha512-/DnKPpSVgU13tPPe1bIbDXtLriY1VTcejEwBpgBNmb2fae/bEG6i6zHAx7QvNQlc0Af6N2wa8u1aArikF1OLxQ==}
    cpu: [x64]
    os: [win32]

  '@turbo/windows-arm64@2.10.6-canary.4':
    resolution: {integrity: sha512-hg3L07WLP10npH/YXrfr22xAVs5Wlv0nEMux7lfMx4KMwcZe167L0Q08if8ZYHU0eoV7DzNxtE5NuMZeoIistQ==}
    cpu: [arm64]
    os: [win32]

  turbo@2.10.6-canary.4:
    resolution: {integrity: sha512-tgc+jTG9JmPTa1/O/yPPtVNWEcsIq42d6IqHZZUwCIfODQoZVCeVP4pewsuVpPC//Qhaf8tzRCZ/zpOWEdZhBg==}
    hasBin: true

snapshots:

  '@turbo/darwin-64@2.10.6-canary.4':
    optional: true

  '@turbo/darwin-arm64@2.10.6-canary.4':
    optional: true

  '@turbo/linux-64@2.10.6-canary.4':
    optional: true

  '@turbo/linux-arm64@2.10.6-canary.4':
    optional: true

  '@turbo/windows-64@2.10.6-canary.4':
    optional: true

  '@turbo/windows-arm64@2.10.6-canary.4':
    optional: true

  turbo@2.10.6-canary.4:
    optionalDependencies:
      '@turbo/darwin-64': 2.10.6-canary.4
      '@turbo/darwin-arm64': 2.10.6-canary.4
      '@turbo/linux-64': 2.10.6-canary.4
      '@turbo/linux-arm64': 2.10.6-canary.4
      '@turbo/windows-64': 2.10.6-canary.4
      '@turbo/windows-arm64': 2.10.6-canary.4
